
Microsoft Visual Studio Solution File, Format Version 12.00
# Visual Studio Version 17
VisualStudioVersion = 17.5.002.0
MinimumVisualStudioVersion = 10.0.40219.1
Project("{9A19103F-16F7-4668-BE54-9A1E7A4F7556}") = "users-service", "users-service\users-service.csproj", "{777C9C66-A42F-47E6-9B8E-4A054E6B8537}"
EndProject
Global
	GlobalSection(SolutionConfigurationPlatforms) = preSolution
		Debug|Any CPU = Debug|Any CPU
		Release|Any CPU = Release|Any CPU
	EndGlobalSection
	GlobalSection(ProjectConfigurationPlatforms) = postSolution
		{777C9C66-A42F-47E6-9B8E-4A054E6B8537}.Debug|Any CPU.ActiveCfg = Debug|Any CPU
		{777C9C66-A42F-47E6-9B8E-4A054E6B8537}.Debug|Any CPU.Build.0 = Debug|Any CPU
		{777C9C66-A42F-47E6-9B8E-4A054E6B8537}.Release|Any CPU.ActiveCfg = Release|Any CPU
		{777C9C66-A42F-47E6-9B8E-4A054E6B8537}.Release|Any CPU.Build.0 = Release|Any CPU
	EndGlobalSection
	GlobalSection(SolutionProperties) = preSolution
		HideSolutionNode = FALSE
	EndGlobalSection
	GlobalSection(ExtensibilityGlobals) = postSolution
		SolutionGuid = {89402D34-11EF-4C3E-8A6C-83096918282F}
	EndGlobalSection
EndGlobal
